
Microsoft Visual Studio Solution File, Format Version 12.00
# Visual Studio Version 16
VisualStudioVersion = 16.0.31205.134
MinimumVisualStudioVersion = 10.0.40219.1
Project("{FAE04EC0-301F-11D3-BF4B-00C04F79EFBC}") = "BinarySearchTreeDemo", "BinarySearchTreeDemo\BinarySearchTreeDemo.csproj", "{56B91CC7-28AE-4B23-ACE9-2DF61C26C98C}"
EndProject
Global
	GlobalSection(SolutionConfigurationPlatforms) = preSolution
		Debug|Any CPU = Debug|Any CPU
		Release|Any CPU = Release|Any CPU
	EndGlobalSection
	GlobalSection(ProjectConfigurationPlatforms) = postSolution
		{56B91CC7-28AE-4B23-ACE9-2DF61C26C98C}.Debug|Any CPU.ActiveCfg = Debug|Any CPU
		{56B91CC7-28AE-4B23-ACE9-2DF61C26C98C}.Debug|Any CPU.Build.0 = Debug|Any CPU
		{56B91CC7-28AE-4B23-ACE9-2DF61C26C98C}.Release|Any CPU.ActiveCfg = Release|Any CPU
		{56B91CC7-28AE-4B23-ACE9-2DF61C26C98C}.Release|Any CPU.Build.0 = Release|Any CPU
	EndGlobalSection
	GlobalSection(SolutionProperties) = preSolution
		HideSolutionNode = FALSE
	EndGlobalSection
	GlobalSection(ExtensibilityGlobals) = postSolution
		SolutionGuid = {B7812A03-4BFF-489D-981F-39475F521D17}
	EndGlobalSection
EndGlobal
